{
  "name": "public",
  "version": "1.0.0",
  "lockfileVersion": 1,
  "requires": true,
  "dependencies": {
    "intl-tel-input": {
      "version": "13.0.2",
      "resolved": "https://registry.npmjs.org/intl-tel-input/-/intl-tel-input-13.0.2.tgz",
      "integrity": "sha512-XuW3VBBmQy9wcUB57qrswT++bUfHqG84sitQhNXWATEsEc0M7Gq4/Id41/i3QlGFoXu5p/23J8SUSsot37lhfA=="
    }
  }
}
